
Microsoft Visual Studio Solution File, Format Version 12.00
# Visual Studio 15
VisualStudioVersion = 15.0.28307.329
MinimumVisualStudioVersion = 10.0.40219.1
Project("{FAE04EC0-301F-11D3-BF4B-00C04F79EFBC}") = "CosmosKernel1", "CosmosKernel1\CosmosKernel1.csproj", "{F9D8D302-8E6A-4110-8FD7-5A79C9780D6E}"
EndProject
Global
	GlobalSection(SolutionConfigurationPlatforms) = preSolution
		Debug|Any CPU = Debug|Any CPU
		Release|Any CPU = Release|Any CPU
	EndGlobalSection
	GlobalSection(ProjectConfigurationPlatforms) = postSolution
		{F9D8D302-8E6A-4110-8FD7-5A79C9780D6E}.Debug|Any CPU.ActiveCfg = Debug|Any CPU
		{F9D8D302-8E6A-4110-8FD7-5A79C9780D6E}.Debug|Any CPU.Build.0 = Debug|Any CPU
		{F9D8D302-8E6A-4110-8FD7-5A79C9780D6E}.Release|Any CPU.ActiveCfg = Release|Any CPU
		{F9D8D302-8E6A-4110-8FD7-5A79C9780D6E}.Release|Any CPU.Build.0 = Release|Any CPU
	EndGlobalSection
	GlobalSection(SolutionProperties) = preSolution
		HideSolutionNode = FALSE
	EndGlobalSection
	GlobalSection(ExtensibilityGlobals) = postSolution
		SolutionGuid = {9799A5D9-C867-4A26-A948-31B9762FABDA}
	EndGlobalSection
EndGlobal
